// !$*UTF8*$!
{
	archiveVersion = 1;
	classes = {
	};
	objectVersion = 56;
	objects = {

/* Begin PBXBuildFile section */
		725E22382C960CEA0026B318 /* MapViewModel.swift in Sources */ = {isa = PBXBuildFile; fileRef = 725E22372C960CEA0026B318 /* MapViewModel.swift */; };
		725E223D2C9615930026B318 /* RoutePoint.swift in Sources */ = {isa = PBXBuildFile; fileRef = 725E223C2C9615930026B318 /* RoutePoint.swift */; };
		725E223F2C9615FB0026B318 /* MapViewController.swift in Sources */ = {isa = PBXBuildFile; fileRef = 725E223E2C9615FB0026B318 /* MapViewController.swift */; };
		725E224D2C96C1BA0026B318 /* RapidoDriverSimulationTests.swift in Sources */ = {isa = PBXBuildFile; fileRef = 725E224C2C96C1BA0026B318 /* RapidoDriverSimulationTests.swift */; };
		7269461E2C96CD6B00DC44C5 /* MapViewModel.swift in Sources */ = {isa = PBXBuildFile; fileRef = 725E22372C960CEA0026B318 /* MapViewModel.swift */; };
		7269461F2C96CD8A00DC44C5 /* RoutePoint.swift in Sources */ = {isa = PBXBuildFile; fileRef = 725E223C2C9615930026B318 /* RoutePoint.swift */; };
		72BCA4F52C94E33B000C2AAA /* AppDelegate.swift in Sources */ = {isa = PBXBuildFile; fileRef = 72BCA4F42C94E33B000C2AAA /* AppDelegate.swift */; };
		72BCA4F72C94E33B000C2AAA /* SceneDelegate.swift in Sources */ = {isa = PBXBuildFile; fileRef = 72BCA4F62C94E33B000C2AAA /* SceneDelegate.swift */; };
		72BCA4FE2C94E33E000C2AAA /* Assets.xcassets in Resources */ = {isa = PBXBuildFile; fileRef = 72BCA4FD2C94E33E000C2AAA /* Assets.xcassets */; };
		72BCA5012C94E33E000C2AAA /* Base in Resources */ = {isa = PBXBuildFile; fileRef = 72BCA5002C94E33E000C2AAA /* Base */; };
/* End PBXBuildFile section */

/* Begin PBXContainerItemProxy section */
		725E224E2C96C1BB0026B318 /* PBXContainerItemProxy */ = {
			isa = PBXContainerItemProxy;
			containerPortal = 72BCA4E92C94E33B000C2AAA /* Project object */;
			proxyType = 1;
			remoteGlobalIDString = 72BCA4F02C94E33B000C2AAA;
			remoteInfo = RapidoDriverSimulation;
		};
/* End PBXContainerItemProxy section */

/* Begin PBXFileReference section */
		725E22372C960CEA0026B318 /* MapViewModel.swift */ = {isa = PBXFileReference; lastKnownFileType = sourcecode.swift; path = MapViewModel.swift; sourceTree = "<group>"; };
		725E223C2C9615930026B318 /* RoutePoint.swift */ = {isa = PBXFileReference; lastKnownFileType = sourcecode.swift; path = RoutePoint.swift; sourceTree = "<group>"; };
		725E223E2C9615FB0026B318 /* MapViewController.swift */ = {isa = PBXFileReference; lastKnownFileType = sourcecode.swift; path = MapViewController.swift; sourceTree = "<group>"; };
		725E224A2C96C1BA0026B318 /* RapidoDriverSimulationTests.xctest */ = {isa = PBXFileReference; explicitFileType = wrapper.cfbundle; includeInIndex = 0; path = RapidoDriverSimulationTests.xctest; sourceTree = BUILT_PRODUCTS_DIR; };
		725E224C2C96C1BA0026B318 /* RapidoDriverSimulationTests.swift */ = {isa = PBXFileReference; lastKnownFileType = sourcecode.swift; path = RapidoDriverSimulationTests.swift; sourceTree = "<group>"; };
		72BCA4F12C94E33B000C2AAA /* RapidoDriverSimulation.app */ = {isa = PBXFileReference; explicitFileType = wrapper.application; includeInIndex = 0; path = RapidoDriverSimulation.app; sourceTree = BUILT_PRODUCTS_DIR; };
		72BCA4F42C94E33B000C2AAA /* AppDelegate.swift */ = {isa = PBXFileReference; lastKnownFileType = sourcecode.swift; path = AppDelegate.swift; sourceTree = "<group>"; };
		72BCA4F62C94E33B000C2AAA /* SceneDelegate.swift */ = {isa = PBXFileReference; lastKnownFileType = sourcecode.swift; path = SceneDelegate.swift; sourceTree = "<group>"; };
		72BCA4FD2C94E33E000C2AAA /* Assets.xcassets */ = {isa = PBXFileReference; lastKnownFileType = folder.assetcatalog; path = Assets.xcassets; sourceTree = "<group>"; };
		72BCA5002C94E33E000C2AAA /* Base */ = {isa = PBXFileReference; lastKnownFileType = file.storyboard; name = Base; path = Base.lproj/LaunchScreen.storyboard; sourceTree = "<group>"; };
		72BCA5022C94E33E000C2AAA /* Info.plist */ = {isa = PBXFileReference; lastKnownFileType = text.plist.xml; path = Info.plist; sourceTree = "<group>"; };
/* End PBXFileReference section */

/* Begin PBXFrameworksBuildPhase section */
		725E22472C96C1BA0026B318 /* Frameworks */ = {
			isa = PBXFrameworksBuildPhase;
			buildActionMask = 2147483647;
			files = (
			);
			runOnlyForDeploymentPostprocessing = 0;
		};
		72BCA4EE2C94E33B000C2AAA /* Frameworks */ = {
			isa = PBXFrameworksBuildPhase;
			buildActionMask = 2147483647;
			files = (
			);
			runOnlyForDeploymentPostprocessing = 0;
		};
/* End PBXFrameworksBuildPhase section */

/* Begin PBXGroup section */
		725E222F2C960C900026B318 /* Model */ = {
			isa = PBXGroup;
			children = (
				725E223B2C9615870026B318 /* RoutePoint */,
			);
			path = Model;
			sourceTree = "<group>";
		};
		725E22362C960CDD0026B318 /* ViewModel */ = {
			isa = PBXGroup;
			children = (
				725E22372C960CEA0026B318 /* MapViewModel.swift */,
			);
			path = ViewModel;
			sourceTree = "<group>";
		};
		725E22392C960F820026B318 /* View */ = {
			isa = PBXGroup;
			children = (
				725E223E2C9615FB0026B318 /* MapViewController.swift */,
			);
			path = View;
			sourceTree = "<group>";
		};
		725E223A2C960F920026B318 /* Application */ = {
			isa = PBXGroup;
			children = (
				72BCA4F42C94E33B000C2AAA /* AppDelegate.swift */,
				72BCA4F62C94E33B000C2AAA /* SceneDelegate.swift */,
			);
			path = Application;
			sourceTree = "<group>";
		};
		725E223B2C9615870026B318 /* RoutePoint */ = {
			isa = PBXGroup;
			children = (
				725E223C2C9615930026B318 /* RoutePoint.swift */,
			);
			path = RoutePoint;
			sourceTree = "<group>";
		};
		725E224B2C96C1BA0026B318 /* RapidoDriverSimulationTests */ = {
			isa = PBXGroup;
			children = (
				725E224C2C96C1BA0026B318 /* RapidoDriverSimulationTests.swift */,
			);
			path = RapidoDriverSimulationTests;
			sourceTree = "<group>";
		};
		72BCA4E82C94E33B000C2AAA = {
			isa = PBXGroup;
			children = (
				72BCA4F32C94E33B000C2AAA /* RapidoDriverSimulation */,
				725E224B2C96C1BA0026B318 /* RapidoDriverSimulationTests */,
				72BCA4F22C94E33B000C2AAA /* Products */,
			);
			sourceTree = "<group>";
		};
		72BCA4F22C94E33B000C2AAA /* Products */ = {
			isa = PBXGroup;
			children = (
				72BCA4F12C94E33B000C2AAA /* RapidoDriverSimulation.app */,
				725E224A2C96C1BA0026B318 /* RapidoDriverSimulationTests.xctest */,
			);
			name = Products;
			sourceTree = "<group>";
		};
		72BCA4F32C94E33B000C2AAA /* RapidoDriverSimulation */ = {
			isa = PBXGroup;
			children = (
				725E223A2C960F920026B318 /* Application */,
				725E222F2C960C900026B318 /* Model */,
				725E22392C960F820026B318 /* View */,
				725E22362C960CDD0026B318 /* ViewModel */,
				72BCA4FD2C94E33E000C2AAA /* Assets.xcassets */,
				72BCA4FF2C94E33E000C2AAA /* LaunchScreen.storyboard */,
				72BCA5022C94E33E000C2AAA /* Info.plist */,
			);
			path = RapidoDriverSimulation;
			sourceTree = "<group>";
		};
/* End PBXGroup section */

/* Begin PBXNativeTarget section */
		725E22492C96C1BA0026B318 /* RapidoDriverSimulationTests */ = {
			isa = PBXNativeTarget;
			buildConfigurationList = 725E22522C96C1BB0026B318 /* Build configuration list for PBXNativeTarget "RapidoDriverSimulationTests" */;
			buildPhases = (
				725E22462C96C1BA0026B318 /* Sources */,
				725E22472C96C1BA0026B318 /* Frameworks */,
				725E22482C96C1BA0026B318 /* Resources */,
			);
			buildRules = (
			);
			dependencies = (
				725E224F2C96C1BB0026B318 /* PBXTargetDependency */,
			);
			name = RapidoDriverSimulationTests;
			productName = RapidoDriverSimulationTests;
			productReference = 725E224A2C96C1BA0026B318 /* RapidoDriverSimulationTests.xctest */;
			productType = "com.apple.product-type.bundle.unit-test";
		};
		72BCA4F02C94E33B000C2AAA /* RapidoDriverSimulation */ = {
			isa = PBXNativeTarget;
			buildConfigurationList = 72BCA5052C94E33E000C2AAA /* Build configuration list for PBXNativeTarget "RapidoDriverSimulation" */;
			buildPhases = (
				72BCA4ED2C94E33B000C2AAA /* Sources */,
				72BCA4EE2C94E33B000C2AAA /* Frameworks */,
				72BCA4EF2C94E33B000C2AAA /* Resources */,
			);
			buildRules = (
			);
			dependencies = (
			);
			name = RapidoDriverSimulation;
			productName = RapidoDriverSimulation;
			productReference = 72BCA4F12C94E33B000C2AAA /* RapidoDriverSimulation.app */;
			productType = "com.apple.product-type.application";
		};
/* End PBXNativeTarget section */

/* Begin PBXProject section */
		72BCA4E92C94E33B000C2AAA /* Project object */ = {
			isa = PBXProject;
			attributes = {
				BuildIndependentTargetsInParallel = 1;
				LastSwiftUpdateCheck = 1540;
				LastUpgradeCheck = 1540;
				TargetAttributes = {
					725E22492C96C1BA0026B318 = {
						CreatedOnToolsVersion = 15.4;
						TestTargetID = 72BCA4F02C94E33B000C2AAA;
					};
					72BCA4F02C94E33B000C2AAA = {
						CreatedOnToolsVersion = 15.4;
					};
				};
			};
			buildConfigurationList = 72BCA4EC2C94E33B000C2AAA /* Build configuration list for PBXProject "RapidoDriverSimulation" */;
			compatibilityVersion = "Xcode 14.0";
			developmentRegion = en;
			hasScannedForEncodings = 0;
			knownRegions = (
				en,
				Base,
			);
			mainGroup = 72BCA4E82C94E33B000C2AAA;
			productRefGroup = 72BCA4F22C94E33B000C2AAA /* Products */;
			projectDirPath = "";
			projectRoot = "";
			targets = (
				72BCA4F02C94E33B000C2AAA /* RapidoDriverSimulation */,
				725E22492C96C1BA0026B318 /* RapidoDriverSimulationTests */,
			);
		};
/* End PBXProject section */

/* Begin PBXResourcesBuildPhase section */
		725E22482C96C1BA0026B318 /* Resources */ = {
			isa = PBXResourcesBuildPhase;
			buildActionMask = 2147483647;
			files = (
			);
			runOnlyForDeploymentPostprocessing = 0;
		};
		72BCA4EF2C94E33B000C2AAA /* Resources */ = {
			isa = PBXResourcesBuildPhase;
			buildActionMask = 2147483647;
			files = (
				72BCA4FE2C94E33E000C2AAA /* Assets.xcassets in Resources */,
				72BCA5012C94E33E000C2AAA /* Base in Resources */,
			);
			runOnlyForDeploymentPostprocessing = 0;
		};
/* End PBXResourcesBuildPhase section */

/* Begin PBXSourcesBuildPhase section */
		725E22462C96C1BA0026B318 /* Sources */ = {
			isa = PBXSourcesBuildPhase;
			buildActionMask = 2147483647;
			files = (
				725E224D2C96C1BA0026B318 /* RapidoDriverSimulationTests.swift in Sources */,
				7269461E2C96CD6B00DC44C5 /* MapViewModel.swift in Sources */,
				7269461F2C96CD8A00DC44C5 /* RoutePoint.swift in Sources */,
			);
			runOnlyForDeploymentPostprocessing = 0;
		};
		72BCA4ED2C94E33B000C2AAA /* Sources */ = {
			isa = PBXSourcesBuildPhase;
			buildActionMask = 2147483647;
			files = (
				725E223F2C9615FB0026B318 /* MapViewController.swift in Sources */,
				72BCA4F52C94E33B000C2AAA /* AppDelegate.swift in Sources */,
				72BCA4F72C94E33B000C2AAA /* SceneDelegate.swift in Sources */,
				725E22382C960CEA0026B318 /* MapViewModel.swift in Sources */,
				725E223D2C9615930026B318 /* RoutePoint.swift in Sources */,
			);
			runOnlyForDeploymentPostprocessing = 0;
		};
/* End PBXSourcesBuildPhase section */

/* Begin PBXTargetDependency section */
		725E224F2C96C1BB0026B318 /* PBXTargetDependency */ = {
			isa = PBXTargetDependency;
			target = 72BCA4F02C94E33B000C2AAA /* RapidoDriverSimulation */;
			targetProxy = 725E224E2C96C1BB0026B318 /* PBXContainerItemProxy */;
		};
/* End PBXTargetDependency section */

/* Begin PBXVariantGroup section */
		72BCA4FF2C94E33E000C2AAA /* LaunchScreen.storyboard */ = {
			isa = PBXVariantGroup;
			children = (
				72BCA5002C94E33E000C2AAA /* Base */,
			);
			name = LaunchScreen.storyboard;
			sourceTree = "<group>";
		};
/* End PBXVariantGroup section */

/* Begin XCBuildConfiguration section */
		725E22502C96C1BB0026B318 /* Debug */ = {
			isa = XCBuildConfiguration;
			buildSettings = {
				BUNDLE_LOADER = "$(TEST_HOST)";
				CODE_SIGN_STYLE = Automatic;
				CURRENT_PROJECT_VERSION = 1;
				DEVELOPMENT_TEAM = JDQ7V977AB;
				GENERATE_INFOPLIST_FILE = YES;
				IPHONEOS_DEPLOYMENT_TARGET = 15.0;
				MARKETING_VERSION = 1.0;
				PRODUCT_BUNDLE_IDENTIFIER = com..RapidoDriverSimulationTests;
				PRODUCT_NAME = "$(TARGET_NAME)";
				SWIFT_EMIT_LOC_STRINGS = NO;
				SWIFT_VERSION = 5.0;
				TARGETED_DEVICE_FAMILY = "1,2";
				TEST_HOST = "$(BUILT_PRODUCTS_DIR)/RapidoDriverSimulation.app/$(BUNDLE_EXECUTABLE_FOLDER_PATH)/RapidoDriverSimulation";
			};
			name = Debug;
		};
		725E22512C96C1BB0026B318 /* Release */ = {
			isa = XCBuildConfiguration;
			buildSettings = {
				BUNDLE_LOADER = "$(TEST_HOST)";
				CODE_SIGN_STYLE = Automatic;
				CURRENT_PROJECT_VERSION = 1;
				DEVELOPMENT_TEAM = JDQ7V977AB;
				GENERATE_INFOPLIST_FILE = YES;
				IPHONEOS_DEPLOYMENT_TARGET = 15.0;
				MARKETING_VERSION = 1.0;
				PRODUCT_BUNDLE_IDENTIFIER = com..RapidoDriverSimulationTests;
				PRODUCT_NAME = "$(TARGET_NAME)";
				SWIFT_EMIT_LOC_STRINGS = NO;
				SWIFT_VERSION = 5.0;
				TARGETED_DEVICE_FAMILY = "1,2";
				TEST_HOST = "$(BUILT_PRODUCTS_DIR)/RapidoDriverSimulation.app/$(BUNDLE_EXECUTABLE_FOLDER_PATH)/RapidoDriverSimulation";
			};
			name = Release;
		};
		72BCA5032C94E33E000C2AAA /* Debug */ = {
			isa = XCBuildConfiguration;
			buildSettings = {
				ALWAYS_SEARCH_USER_PATHS = NO;
				ASSETCATALOG_COMPILER_GENERATE_SWIFT_ASSET_SYMBOL_EXTENSIONS = YES;
				CLANG_ANALYZER_NONNULL = YES;
				CLANG_ANALYZER_NUMBER_OBJECT_CONVERSION = YES_AGGRESSIVE;
				CLANG_CXX_LANGUAGE_STANDARD = "gnu++20";
				CLANG_ENABLE_MODULES = YES;
				CLANG_ENABLE_OBJC_ARC = YES;
				CLANG_ENABLE_OBJC_WEAK = YES;
				CLANG_WARN_BLOCK_CAPTURE_AUTORELEASING = YES;
				CLANG_WARN_BOOL_CONVERSION = YES;
				CLANG_WARN_COMMA = YES;
				CLANG_WARN_CONSTANT_CONVERSION = YES;
				CLANG_WARN_DEPRECATED_OBJC_IMPLEMENTATIONS = YES;
				CLANG_WARN_DIRECT_OBJC_ISA_USAGE = YES_ERROR;
				CLANG_WARN_DOCUMENTATION_COMMENTS = YES;
				CLANG_WARN_EMPTY_BODY = YES;
				CLANG_WARN_ENUM_CONVERSION = YES;
				CLANG_WARN_INFINITE_RECURSION = YES;
				CLANG_WARN_INT_CONVERSION = YES;
				CLANG_WARN_NON_LITERAL_NULL_CONVERSION = YES;
				CLANG_WARN_OBJC_IMPLICIT_RETAIN_SELF = YES;
				CLANG_WARN_OBJC_LITERAL_CONVERSION = YES;
				CLANG_WARN_OBJC_ROOT_CLASS = YES_ERROR;
				CLANG_WARN_QUOTED_INCLUDE_IN_FRAMEWORK_HEADER = YES;
				CLANG_WARN_RANGE_LOOP_ANALYSIS = YES;
				CLANG_WARN_STRICT_PROTOTYPES = YES;
				CLANG_WARN_SUSPICIOUS_MOVE = YES;
				CLANG_WARN_UNGUARDED_AVAILABILITY = YES_AGGRESSIVE;
				CLANG_WARN_UNREACHABLE_CODE = YES;
				CLANG_WARN__DUPLICATE_METHOD_MATCH = YES;
				COPY_PHASE_STRIP = NO;
				DEBUG_INFORMATION_FORMAT = dwarf;
				ENABLE_STRICT_OBJC_MSGSEND = YES;
				ENABLE_TESTABILITY = YES;
				ENABLE_USER_SCRIPT_SANDBOXING = YES;
				GCC_C_LANGUAGE_STANDARD = gnu17;
				GCC_DYNAMIC_NO_PIC = NO;
				GCC_NO_COMMON_BLOCKS = YES;
				GCC_OPTIMIZATION_LEVEL = 0;
				GCC_PREPROCESSOR_DEFINITIONS = (
					"DEBUG=1",
					"$(inherited)",
				);
				GCC_WARN_64_TO_32_BIT_CONVERSION = YES;
				GCC_WARN_ABOUT_RETURN_TYPE = YES_ERROR;
				GCC_WARN_UNDECLARED_SELECTOR = YES;
				GCC_WARN_UNINITIALIZED_AUTOS = YES_AGGRESSIVE;
				GCC_WARN_UNUSED_FUNCTION = YES;
				GCC_WARN_UNUSED_VARIABLE = YES;
				IPHONEOS_DEPLOYMENT_TARGET = 17.5;
				LOCALIZATION_PREFERS_STRING_CATALOGS = YES;
				MTL_ENABLE_DEBUG_INFO = INCLUDE_SOURCE;
				MTL_FAST_MATH = YES;
				ONLY_ACTIVE_ARCH = YES;
				SDKROOT = iphoneos;
				SWIFT_ACTIVE_COMPILATION_CONDITIONS = "DEBUG $(inherited)";
				SWIFT_OPTIMIZATION_LEVEL = "-Onone";
			};
			name = Debug;
		};
		72BCA5042C94E33E000C2AAA /* Release */ = {
			isa = XCBuildConfiguration;
			buildSettings = {
				ALWAYS_SEARCH_USER_PATHS = NO;
				ASSETCATALOG_COMPILER_GENERATE_SWIFT_ASSET_SYMBOL_EXTENSIONS = YES;
				CLANG_ANALYZER_NONNULL = YES;
				CLANG_ANALYZER_NUMBER_OBJECT_CONVERSION = YES_AGGRESSIVE;
				CLANG_CXX_LANGUAGE_STANDARD = "gnu++20";
				CLANG_ENABLE_MODULES = YES;
				CLANG_ENABLE_OBJC_ARC = YES;
				CLANG_ENABLE_OBJC_WEAK = YES;
				CLANG_WARN_BLOCK_CAPTURE_AUTORELEASING = YES;
				CLANG_WARN_BOOL_CONVERSION = YES;
				CLANG_WARN_COMMA = YES;
				CLANG_WARN_CONSTANT_CONVERSION = YES;
				CLANG_WARN_DEPRECATED_OBJC_IMPLEMENTATIONS = YES;
				CLANG_WARN_DIRECT_OBJC_ISA_USAGE = YES_ERROR;
				CLANG_WARN_DOCUMENTATION_COMMENTS = YES;
				CLANG_WARN_EMPTY_BODY = YES;
				CLANG_WARN_ENUM_CONVERSION = YES;
				CLANG_WARN_INFINITE_RECURSION = YES;
				CLANG_WARN_INT_CONVERSION = YES;
				CLANG_WARN_NON_LITERAL_NULL_CONVERSION = YES;
				CLANG_WARN_OBJC_IMPLICIT_RETAIN_SELF = YES;
				CLANG_WARN_OBJC_LITERAL_CONVERSION = YES;
				CLANG_WARN_OBJC_ROOT_CLASS = YES_ERROR;
				CLANG_WARN_QUOTED_INCLUDE_IN_FRAMEWORK_HEADER = YES;
				CLANG_WARN_RANGE_LOOP_ANALYSIS = YES;
				CLANG_WARN_STRICT_PROTOTYPES = YES;
				CLANG_WARN_SUSPICIOUS_MOVE = YES;
				CLANG_WARN_UNGUARDED_AVAILABILITY = YES_AGGRESSIVE;
				CLANG_WARN_UNREACHABLE_CODE = YES;
				CLANG_WARN__DUPLICATE_METHOD_MATCH = YES;
				COPY_PHASE_STRIP = NO;
				DEBUG_INFORMATION_FORMAT = "dwarf-with-dsym";
				ENABLE_NS_ASSERTIONS = NO;
				ENABLE_STRICT_OBJC_MSGSEND = YES;
				ENABLE_USER_SCRIPT_SANDBOXING = YES;
				GCC_C_LANGUAGE_STANDARD = gnu17;
				GCC_NO_COMMON_BLOCKS = YES;
				GCC_WARN_64_TO_32_BIT_CONVERSION = YES;
				GCC_WARN_ABOUT_RETURN_TYPE = YES_ERROR;
				GCC_WARN_UNDECLARED_SELECTOR = YES;
				GCC_WARN_UNINITIALIZED_AUTOS = YES_AGGRESSIVE;
				GCC_WARN_UNUSED_FUNCTION = YES;
				GCC_WARN_UNUSED_VARIABLE = YES;
				IPHONEOS_DEPLOYMENT_TARGET = 17.5;
				LOCALIZATION_PREFERS_STRING_CATALOGS = YES;
				MTL_ENABLE_DEBUG_INFO = NO;
				MTL_FAST_MATH = YES;
				SDKROOT = iphoneos;
				SWIFT_COMPILATION_MODE = wholemodule;
				VALIDATE_PRODUCT = YES;
			};
			name = Release;
		};
		72BCA5062C94E33E000C2AAA /* Debug */ = {
			isa = XCBuildConfiguration;
			buildSettings = {
				ASSETCATALOG_COMPILER_APPICON_NAME = AppIcon;
				ASSETCATALOG_COMPILER_GLOBAL_ACCENT_COLOR_NAME = AccentColor;
				CODE_SIGN_STYLE = Manual;
				CURRENT_PROJECT_VERSION = 1;
				DEVELOPMENT_TEAM = "";
				GENERATE_INFOPLIST_FILE = YES;
				INFOPLIST_FILE = RapidoDriverSimulation/Info.plist;
				INFOPLIST_KEY_UIApplicationSupportsIndirectInputEvents = YES;
				INFOPLIST_KEY_UILaunchStoryboardName = LaunchScreen;
				INFOPLIST_KEY_UISupportedInterfaceOrientations_iPad = "UIInterfaceOrientationPortrait UIInterfaceOrientationPortraitUpsideDown UIInterfaceOrientationLandscapeLeft UIInterfaceOrientationLandscapeRight";
				INFOPLIST_KEY_UISupportedInterfaceOrientations_iPhone = "UIInterfaceOrientationPortrait UIInterfaceOrientationLandscapeLeft UIInterfaceOrientationLandscapeRight";
				IPHONEOS_DEPLOYMENT_TARGET = 15.0;
				LD_RUNPATH_SEARCH_PATHS = (
					"$(inherited)",
					"@executable_path/Frameworks",
				);
				MARKETING_VERSION = 1.0;
				PRODUCT_BUNDLE_IDENTIFIER = com..RapidoDriverSimulation;
				PRODUCT_NAME = "$(TARGET_NAME)";
				PROVISIONING_PROFILE_SPECIFIER = "";
				SUPPORTED_PLATFORMS = "iphoneos iphonesimulator";
				SUPPORTS_MACCATALYST = NO;
				SWIFT_EMIT_LOC_STRINGS = YES;
				SWIFT_VERSION = 5.0;
				TARGETED_DEVICE_FAMILY = 1;
			};
			name = Debug;
		};
		72BCA5072C94E33E000C2AAA /* Release */ = {
			isa = XCBuildConfiguration;
			buildSettings = {
				ASSETCATALOG_COMPILER_APPICON_NAME = AppIcon;
				ASSETCATALOG_COMPILER_GLOBAL_ACCENT_COLOR_NAME = AccentColor;
				CODE_SIGN_STYLE = Manual;
				CURRENT_PROJECT_VERSION = 1;
				DEVELOPMENT_TEAM = "";
				GENERATE_INFOPLIST_FILE = YES;
				INFOPLIST_FILE = RapidoDriverSimulation/Info.plist;
				INFOPLIST_KEY_UIApplicationSupportsIndirectInputEvents = YES;
				INFOPLIST_KEY_UILaunchStoryboardName = LaunchScreen;
				INFOPLIST_KEY_UISupportedInterfaceOrientations_iPad = "UIInterfaceOrientationPortrait UIInterfaceOrientationPortraitUpsideDown UIInterfaceOrientationLandscapeLeft UIInterfaceOrientationLandscapeRight";
				INFOPLIST_KEY_UISupportedInterfaceOrientations_iPhone = "UIInterfaceOrientationPortrait UIInterfaceOrientationLandscapeLeft UIInterfaceOrientationLandscapeRight";
				IPHONEOS_DEPLOYMENT_TARGET = 15.0;
				LD_RUNPATH_SEARCH_PATHS = (
					"$(inherited)",
					"@executable_path/Frameworks",
				);
				MARKETING_VERSION = 1.0;
				PRODUCT_BUNDLE_IDENTIFIER = com..RapidoDriverSimulation;
				PRODUCT_NAME = "$(TARGET_NAME)";
				PROVISIONING_PROFILE_SPECIFIER = "";
				SUPPORTED_PLATFORMS = "iphoneos iphonesimulator";
				SUPPORTS_MACCATALYST = NO;
				SWIFT_EMIT_LOC_STRINGS = YES;
				SWIFT_VERSION = 5.0;
				TARGETED_DEVICE_FAMILY = 1;
			};
			name = Release;
		};
/* End XCBuildConfiguration section */

/* Begin XCConfigurationList section */
		725E22522C96C1BB0026B318 /* Build configuration list for PBXNativeTarget "RapidoDriverSimulationTests" */ = {
			isa = XCConfigurationList;
			buildConfigurations = (
				725E22502C96C1BB0026B318 /* Debug */,
				725E22512C96C1BB0026B318 /* Release */,
			);
			defaultConfigurationIsVisible = 0;
			defaultConfigurationName = Release;
		};
		72BCA4EC2C94E33B000C2AAA /* Build configuration list for PBXProject "RapidoDriverSimulation" */ = {
			isa = XCConfigurationList;
			buildConfigurations = (
				72BCA5032C94E33E000C2AAA /* Debug */,
				72BCA5042C94E33E000C2AAA /* Release */,
			);
			defaultConfigurationIsVisible = 0;
			defaultConfigurationName = Release;
		};
		72BCA5052C94E33E000C2AAA /* Build configuration list for PBXNativeTarget "RapidoDriverSimulation" */ = {
			isa = XCConfigurationList;
			buildConfigurations = (
				72BCA5062C94E33E000C2AAA /* Debug */,
				72BCA5072C94E33E000C2AAA /* Release */,
			);
			defaultConfigurationIsVisible = 0;
			defaultConfigurationName = Release;
		};
/* End XCConfigurationList section */
	};
	rootObject = 72BCA4E92C94E33B000C2AAA /* Project object */;
}
